
Microsoft Visual Studio Solution File, Format Version 12.00
# Visual Studio 2012
Project("{FAE04EC0-301F-11D3-BF4B-00C04F79EFBC}") = "UMSAgent", "UMSAgent\UMSAgent.csproj", "{D1818A6D-3B04-4CD0-B013-E1D46AB778EF}"
EndProject
Project("{FAE04EC0-301F-11D3-BF4B-00C04F79EFBC}") = "UmsTest", "UmsTest\UmsTest.csproj", "{09C92825-19F6-4E39-B831-DE29EA9BD81E}"
EndProject
Project("{FAE04EC0-301F-11D3-BF4B-00C04F79EFBC}") = "UMSAgentWin8", "UMSAgentWin8\UMSAgentWin8.csproj", "{3D6DAA5A-6B7B-41D3-9CAE-B50B60E2D06D}"
EndProject
Global
	GlobalSection(SolutionConfigurationPlatforms) = preSolution
		Debug|Any CPU = Debug|Any CPU
		Debug|ARM = Debug|ARM
		Debug|x64 = Debug|x64
		Debug|x86 = Debug|x86
		Release|Any CPU = Release|Any CPU
		Release|ARM = Release|ARM
		Release|x64 = Release|x64
		Release|x86 = Release|x86
	EndGlobalSection
	GlobalSection(ProjectConfigurationPlatforms) = postSolution
		{D1818A6D-3B04-4CD0-B013-E1D46AB778EF}.Debug|Any CPU.ActiveCfg = Debug|Any CPU
		{D1818A6D-3B04-4CD0-B013-E1D46AB778EF}.Debug|Any CPU.Build.0 = Debug|Any CPU
		{D1818A6D-3B04-4CD0-B013-E1D46AB778EF}.Debug|ARM.ActiveCfg = Debug|Any CPU
		{D1818A6D-3B04-4CD0-B013-E1D46AB778EF}.Debug|x64.ActiveCfg = Debug|Any CPU
		{D1818A6D-3B04-4CD0-B013-E1D46AB778EF}.Debug|x86.ActiveCfg = Debug|Any CPU
		{D1818A6D-3B04-4CD0-B013-E1D46AB778EF}.Release|Any CPU.ActiveCfg = Release|Any CPU
		{D1818A6D-3B04-4CD0-B013-E1D46AB778EF}.Release|Any CPU.Build.0 = Release|Any CPU
		{D1818A6D-3B04-4CD0-B013-E1D46AB778EF}.Release|ARM.ActiveCfg = Release|Any CPU
		{D1818A6D-3B04-4CD0-B013-E1D46AB778EF}.Release|x64.ActiveCfg = Release|Any CPU
		{D1818A6D-3B04-4CD0-B013-E1D46AB778EF}.Release|x86.ActiveCfg = Release|Any CPU
		{09C92825-19F6-4E39-B831-DE29EA9BD81E}.Debug|Any CPU.ActiveCfg = Debug|Any CPU
		{09C92825-19F6-4E39-B831-DE29EA9BD81E}.Debug|Any CPU.Build.0 = Debug|Any CPU
		{09C92825-19F6-4E39-B831-DE29EA9BD81E}.Debug|Any CPU.Deploy.0 = Debug|Any CPU
		{09C92825-19F6-4E39-B831-DE29EA9BD81E}.Debug|ARM.ActiveCfg = Debug|Any CPU
		{09C92825-19F6-4E39-B831-DE29EA9BD81E}.Debug|x64.ActiveCfg = Debug|Any CPU
		{09C92825-19F6-4E39-B831-DE29EA9BD81E}.Debug|x86.ActiveCfg = Debug|Any CPU
		{09C92825-19F6-4E39-B831-DE29EA9BD81E}.Release|Any CPU.ActiveCfg = Release|Any CPU
		{09C92825-19F6-4E39-B831-DE29EA9BD81E}.Release|Any CPU.Build.0 = Release|Any CPU
		{09C92825-19F6-4E39-B831-DE29EA9BD81E}.Release|Any CPU.Deploy.0 = Release|Any CPU
		{09C92825-19F6-4E39-B831-DE29EA9BD81E}.Release|ARM.ActiveCfg = Release|Any CPU
		{09C92825-19F6-4E39-B831-DE29EA9BD81E}.Release|x64.ActiveCfg = Release|Any CPU
		{09C92825-19F6-4E39-B831-DE29EA9BD81E}.Release|x86.ActiveCfg = Release|Any CPU
		{3D6DAA5A-6B7B-41D3-9CAE-B50B60E2D06D}.Debug|Any CPU.ActiveCfg = Debug|Any CPU
		{3D6DAA5A-6B7B-41D3-9CAE-B50B60E2D06D}.Debug|Any CPU.Build.0 = Debug|Any CPU
		{3D6DAA5A-6B7B-41D3-9CAE-B50B60E2D06D}.Debug|ARM.ActiveCfg = Debug|ARM
		{3D6DAA5A-6B7B-41D3-9CAE-B50B60E2D06D}.Debug|ARM.Build.0 = Debug|ARM
		{3D6DAA5A-6B7B-41D3-9CAE-B50B60E2D06D}.Debug|x64.ActiveCfg = Debug|x64
		{3D6DAA5A-6B7B-41D3-9CAE-B50B60E2D06D}.Debug|x64.Build.0 = Debug|x64
		{3D6DAA5A-6B7B-41D3-9CAE-B50B60E2D06D}.Debug|x86.ActiveCfg = Debug|x86
		{3D6DAA5A-6B7B-41D3-9CAE-B50B60E2D06D}.Debug|x86.Build.0 = Debug|x86
		{3D6DAA5A-6B7B-41D3-9CAE-B50B60E2D06D}.Release|Any CPU.ActiveCfg = Release|Any CPU
		{3D6DAA5A-6B7B-41D3-9CAE-B50B60E2D06D}.Release|Any CPU.Build.0 = Release|Any CPU
		{3D6DAA5A-6B7B-41D3-9CAE-B50B60E2D06D}.Release|ARM.ActiveCfg = Release|ARM
		{3D6DAA5A-6B7B-41D3-9CAE-B50B60E2D06D}.Release|ARM.Build.0 = Release|ARM
		{3D6DAA5A-6B7B-41D3-9CAE-B50B60E2D06D}.Release|x64.ActiveCfg = Release|x64
		{3D6DAA5A-6B7B-41D3-9CAE-B50B60E2D06D}.Release|x64.Build.0 = Release|x64
		{3D6DAA5A-6B7B-41D3-9CAE-B50B60E2D06D}.Release|x86.ActiveCfg = Release|x86
		{3D6DAA5A-6B7B-41D3-9CAE-B50B60E2D06D}.Release|x86.Build.0 = Release|x86
	EndGlobalSection
	GlobalSection(SolutionProperties) = preSolution
		HideSolutionNode = FALSE
	EndGlobalSection
EndGlobal
